<Solution>
  <Project Path="Assembly-CSharp.csproj" />
  <Project Path="FancyTextRendering.csproj" />
  <Project Path="Assembly-CSharp-Editor.csproj" />
  <Project Path="UniTask.csproj" />
  <Project Path="UniTask.Linq.csproj" />
  <Project Path="UniTask.Addressables.csproj" />
  <Project Path="UniTask.TextMeshPro.csproj" />
  <Project Path="ParrelSync.csproj" />
  <Project Path="UniTask.DOTween.csproj" />
  <Project Path="UniTask.Editor.csproj" />
</Solution>
